// !$*UTF8*$!
{
	archiveVersion = 1;
	classes = {
	};
	objectVersion = 56;
	objects = {

/* Begin PBXBuildFile section */
		A14B34492A62669100D95D0C /* MC3App.swift in Sources */ = {isa = PBXBuildFile; fileRef = A14B34482A62669100D95D0C /* MC3App.swift */; };
		A14B344D2A62669200D95D0C /* Assets.xcassets in Resources */ = {isa = PBXBuildFile; fileRef = A14B344C2A62669200D95D0C /* Assets.xcassets */; };
		A14B34502A62669200D95D0C /* Preview Assets.xcassets in Resources */ = {isa = PBXBuildFile; fileRef = A14B344F2A62669200D95D0C /* Preview Assets.xcassets */; };
		A14B34572A6266DE00D95D0C /* .gitignore in Resources */ = {isa = PBXBuildFile; fileRef = A14B34562A6266DE00D95D0C /* .gitignore */; };
		A14B34602A62760600D95D0C /* PrimaryButton.swift in Sources */ = {isa = PBXBuildFile; fileRef = A14B345F2A62760600D95D0C /* PrimaryButton.swift */; };
		A14B34652A6287E800D95D0C /* SecondaryButton.swift in Sources */ = {isa = PBXBuildFile; fileRef = A14B34642A6287E800D95D0C /* SecondaryButton.swift */; };
		A14B34672A628B1500D95D0C /* Color+Ext.swift in Sources */ = {isa = PBXBuildFile; fileRef = A14B34662A628B1500D95D0C /* Color+Ext.swift */; };
		A14B34692A628ED000D95D0C /* GeneralTextField.swift in Sources */ = {isa = PBXBuildFile; fileRef = A14B34682A628ED000D95D0C /* GeneralTextField.swift */; };
		A14B346B2A6292C600D95D0C /* NextButton.swift in Sources */ = {isa = PBXBuildFile; fileRef = A14B346A2A6292C600D95D0C /* NextButton.swift */; };
		A14B346D2A62952700D95D0C /* OnboardingView.swift in Sources */ = {isa = PBXBuildFile; fileRef = A14B346C2A62952700D95D0C /* OnboardingView.swift */; };
/* End PBXBuildFile section */

/* Begin PBXFileReference section */
		A14B34452A62669100D95D0C /* MC3.app */ = {isa = PBXFileReference; explicitFileType = wrapper.application; includeInIndex = 0; path = MC3.app; sourceTree = BUILT_PRODUCTS_DIR; };
		A14B34482A62669100D95D0C /* MC3App.swift */ = {isa = PBXFileReference; lastKnownFileType = sourcecode.swift; path = MC3App.swift; sourceTree = "<group>"; };
		A14B344C2A62669200D95D0C /* Assets.xcassets */ = {isa = PBXFileReference; lastKnownFileType = folder.assetcatalog; path = Assets.xcassets; sourceTree = "<group>"; };
		A14B344F2A62669200D95D0C /* Preview Assets.xcassets */ = {isa = PBXFileReference; lastKnownFileType = folder.assetcatalog; path = "Preview Assets.xcassets"; sourceTree = "<group>"; };
		A14B34562A6266DE00D95D0C /* .gitignore */ = {isa = PBXFileReference; lastKnownFileType = text; path = .gitignore; sourceTree = "<group>"; };
		A14B345F2A62760600D95D0C /* PrimaryButton.swift */ = {isa = PBXFileReference; lastKnownFileType = sourcecode.swift; path = PrimaryButton.swift; sourceTree = "<group>"; };
		A14B34642A6287E800D95D0C /* SecondaryButton.swift */ = {isa = PBXFileReference; lastKnownFileType = sourcecode.swift; path = SecondaryButton.swift; sourceTree = "<group>"; };
		A14B34662A628B1500D95D0C /* Color+Ext.swift */ = {isa = PBXFileReference; lastKnownFileType = sourcecode.swift; path = "Color+Ext.swift"; sourceTree = "<group>"; };
		A14B34682A628ED000D95D0C /* GeneralTextField.swift */ = {isa = PBXFileReference; lastKnownFileType = sourcecode.swift; path = GeneralTextField.swift; sourceTree = "<group>"; };
		A14B346A2A6292C600D95D0C /* NextButton.swift */ = {isa = PBXFileReference; lastKnownFileType = sourcecode.swift; path = NextButton.swift; sourceTree = "<group>"; };
		A14B346C2A62952700D95D0C /* OnboardingView.swift */ = {isa = PBXFileReference; lastKnownFileType = sourcecode.swift; path = OnboardingView.swift; sourceTree = "<group>"; };
/* End PBXFileReference section */

/* Begin PBXFrameworksBuildPhase section */
		A14B34422A62669100D95D0C /* Frameworks */ = {
			isa = PBXFrameworksBuildPhase;
			buildActionMask = 2147483647;
			files = (
			);
			runOnlyForDeploymentPostprocessing = 0;
		};
/* End PBXFrameworksBuildPhase section */

/* Begin PBXGroup section */
		A14B343C2A62669100D95D0C = {
			isa = PBXGroup;
			children = (
				A14B34562A6266DE00D95D0C /* .gitignore */,
				A14B34472A62669100D95D0C /* MC3 */,
				A14B34462A62669100D95D0C /* Products */,
			);
			sourceTree = "<group>";
		};
		A14B34462A62669100D95D0C /* Products */ = {
			isa = PBXGroup;
			children = (
				A14B34452A62669100D95D0C /* MC3.app */,
			);
			name = Products;
			sourceTree = "<group>";
		};
		A14B34472A62669100D95D0C /* MC3 */ = {
			isa = PBXGroup;
			children = (
				A14B34592A62685100D95D0C /* App */,
				A14B34612A6276DF00D95D0C /* Extensions */,
				A14B34622A6276ED00D95D0C /* Helpers */,
				A14B345B2A62687000D95D0C /* Models */,
				A14B345C2A62687600D95D0C /* Views */,
				A14B345D2A62758900D95D0C /* ViewModels */,
				A14B34582A62684200D95D0C /* Supporting Files */,
				A14B344E2A62669200D95D0C /* Preview Content */,
			);
			path = MC3;
			sourceTree = "<group>";
		};
		A14B344E2A62669200D95D0C /* Preview Content */ = {
			isa = PBXGroup;
			children = (
				A14B344F2A62669200D95D0C /* Preview Assets.xcassets */,
			);
			path = "Preview Content";
			sourceTree = "<group>";
		};
		A14B34582A62684200D95D0C /* Supporting Files */ = {
			isa = PBXGroup;
			children = (
				A14B34632A62776A00D95D0C /* Resources */,
			);
			path = "Supporting Files";
			sourceTree = "<group>";
		};
		A14B34592A62685100D95D0C /* App */ = {
			isa = PBXGroup;
			children = (
				A14B34482A62669100D95D0C /* MC3App.swift */,
			);
			path = App;
			sourceTree = "<group>";
		};
		A14B345B2A62687000D95D0C /* Models */ = {
			isa = PBXGroup;
			children = (
			);
			path = Models;
			sourceTree = "<group>";
		};
		A14B345C2A62687600D95D0C /* Views */ = {
			isa = PBXGroup;
			children = (
				A14B345E2A6275C900D95D0C /* Components */,
				A14B346C2A62952700D95D0C /* OnboardingView.swift */,
			);
			path = Views;
			sourceTree = "<group>";
		};
		A14B345D2A62758900D95D0C /* ViewModels */ = {
			isa = PBXGroup;
			children = (
			);
			path = ViewModels;
			sourceTree = "<group>";
		};
		A14B345E2A6275C900D95D0C /* Components */ = {
			isa = PBXGroup;
			children = (
				A14B345F2A62760600D95D0C /* PrimaryButton.swift */,
				A14B34642A6287E800D95D0C /* SecondaryButton.swift */,
				A14B34682A628ED000D95D0C /* GeneralTextField.swift */,
				A14B346A2A6292C600D95D0C /* NextButton.swift */,
			);
			path = Components;
			sourceTree = "<group>";
		};
		A14B34612A6276DF00D95D0C /* Extensions */ = {
			isa = PBXGroup;
			children = (
				A14B34662A628B1500D95D0C /* Color+Ext.swift */,
			);
			path = Extensions;
			sourceTree = "<group>";
		};
		A14B34622A6276ED00D95D0C /* Helpers */ = {
			isa = PBXGroup;
			children = (
			);
			path = Helpers;
			sourceTree = "<group>";
		};
		A14B34632A62776A00D95D0C /* Resources */ = {
			isa = PBXGroup;
			children = (
				A14B344C2A62669200D95D0C /* Assets.xcassets */,
			);
			path = Resources;
			sourceTree = "<group>";
		};
/* End PBXGroup section */

/* Begin PBXNativeTarget section */
		A14B34442A62669100D95D0C /* MC3 */ = {
			isa = PBXNativeTarget;
			buildConfigurationList = A14B34532A62669200D95D0C /* Build configuration list for PBXNativeTarget "MC3" */;
			buildPhases = (
				A14B34412A62669100D95D0C /* Sources */,
				A14B34422A62669100D95D0C /* Frameworks */,
				A14B34432A62669100D95D0C /* Resources */,
			);
			buildRules = (
			);
			dependencies = (
			);
			name = MC3;
			productName = MC3;
			productReference = A14B34452A62669100D95D0C /* MC3.app */;
			productType = "com.apple.product-type.application";
		};
/* End PBXNativeTarget section */

/* Begin PBXProject section */
		A14B343D2A62669100D95D0C /* Project object */ = {
			isa = PBXProject;
			attributes = {
				BuildIndependentTargetsInParallel = 1;
				LastSwiftUpdateCheck = 1430;
				LastUpgradeCheck = 1430;
				TargetAttributes = {
					A14B34442A62669100D95D0C = {
						CreatedOnToolsVersion = 14.3;
					};
				};
			};
			buildConfigurationList = A14B34402A62669100D95D0C /* Build configuration list for PBXProject "MC3" */;
			compatibilityVersion = "Xcode 14.0";
			developmentRegion = en;
			hasScannedForEncodings = 0;
			knownRegions = (
				en,
				Base,
			);
			mainGroup = A14B343C2A62669100D95D0C;
			productRefGroup = A14B34462A62669100D95D0C /* Products */;
			projectDirPath = "";
			projectRoot = "";
			targets = (
				A14B34442A62669100D95D0C /* MC3 */,
			);
		};
/* End PBXProject section */

/* Begin PBXResourcesBuildPhase section */
		A14B34432A62669100D95D0C /* Resources */ = {
			isa = PBXResourcesBuildPhase;
			buildActionMask = 2147483647;
			files = (
				A14B34502A62669200D95D0C /* Preview Assets.xcassets in Resources */,
				A14B34572A6266DE00D95D0C /* .gitignore in Resources */,
				A14B344D2A62669200D95D0C /* Assets.xcassets in Resources */,
			);
			runOnlyForDeploymentPostprocessing = 0;
		};
/* End PBXResourcesBuildPhase section */

/* Begin PBXSourcesBuildPhase section */
		A14B34412A62669100D95D0C /* Sources */ = {
			isa = PBXSourcesBuildPhase;
			buildActionMask = 2147483647;
			files = (
				A14B34652A6287E800D95D0C /* SecondaryButton.swift in Sources */,
				A14B34602A62760600D95D0C /* PrimaryButton.swift in Sources */,
				A14B34492A62669100D95D0C /* MC3App.swift in Sources */,
				A14B34692A628ED000D95D0C /* GeneralTextField.swift in Sources */,
				A14B346D2A62952700D95D0C /* OnboardingView.swift in Sources */,
				A14B346B2A6292C600D95D0C /* NextButton.swift in Sources */,
				A14B34672A628B1500D95D0C /* Color+Ext.swift in Sources */,
			);
			runOnlyForDeploymentPostprocessing = 0;
		};
/* End PBXSourcesBuildPhase section */

/* Begin XCBuildConfiguration section */
		A14B34512A62669200D95D0C /* Debug */ = {
			isa = XCBuildConfiguration;
			buildSettings = {
				ALWAYS_SEARCH_USER_PATHS = NO;
				CLANG_ANALYZER_NONNULL = YES;
				CLANG_ANALYZER_NUMBER_OBJECT_CONVERSION = YES_AGGRESSIVE;
				CLANG_CXX_LANGUAGE_STANDARD = "gnu++20";
				CLANG_ENABLE_MODULES = YES;
				CLANG_ENABLE_OBJC_ARC = YES;
				CLANG_ENABLE_OBJC_WEAK = YES;
				CLANG_WARN_BLOCK_CAPTURE_AUTORELEASING = YES;
				CLANG_WARN_BOOL_CONVERSION = YES;
				CLANG_WARN_COMMA = YES;
				CLANG_WARN_CONSTANT_CONVERSION = YES;
				CLANG_WARN_DEPRECATED_OBJC_IMPLEMENTATIONS = YES;
				CLANG_WARN_DIRECT_OBJC_ISA_USAGE = YES_ERROR;
				CLANG_WARN_DOCUMENTATION_COMMENTS = YES;
				CLANG_WARN_EMPTY_BODY = YES;
				CLANG_WARN_ENUM_CONVERSION = YES;
				CLANG_WARN_INFINITE_RECURSION = YES;
				CLANG_WARN_INT_CONVERSION = YES;
				CLANG_WARN_NON_LITERAL_NULL_CONVERSION = YES;
				CLANG_WARN_OBJC_IMPLICIT_RETAIN_SELF = YES;
				CLANG_WARN_OBJC_LITERAL_CONVERSION = YES;
				CLANG_WARN_OBJC_ROOT_CLASS = YES_ERROR;
				CLANG_WARN_QUOTED_INCLUDE_IN_FRAMEWORK_HEADER = YES;
				CLANG_WARN_RANGE_LOOP_ANALYSIS = YES;
				CLANG_WARN_STRICT_PROTOTYPES = YES;
				CLANG_WARN_SUSPICIOUS_MOVE = YES;
				CLANG_WARN_UNGUARDED_AVAILABILITY = YES_AGGRESSIVE;
				CLANG_WARN_UNREACHABLE_CODE = YES;
				CLANG_WARN__DUPLICATE_METHOD_MATCH = YES;
				COPY_PHASE_STRIP = NO;
				DEBUG_INFORMATION_FORMAT = dwarf;
				ENABLE_STRICT_OBJC_MSGSEND = YES;
				ENABLE_TESTABILITY = YES;
				GCC_C_LANGUAGE_STANDARD = gnu11;
				GCC_DYNAMIC_NO_PIC = NO;
				GCC_NO_COMMON_BLOCKS = YES;
				GCC_OPTIMIZATION_LEVEL = 0;
				GCC_PREPROCESSOR_DEFINITIONS = (
					"DEBUG=1",
					"$(inherited)",
				);
				GCC_WARN_64_TO_32_BIT_CONVERSION = YES;
				GCC_WARN_ABOUT_RETURN_TYPE = YES_ERROR;
				GCC_WARN_UNDECLARED_SELECTOR = YES;
				GCC_WARN_UNINITIALIZED_AUTOS = YES_AGGRESSIVE;
				GCC_WARN_UNUSED_FUNCTION = YES;
				GCC_WARN_UNUSED_VARIABLE = YES;
				IPHONEOS_DEPLOYMENT_TARGET = 16.4;
				MTL_ENABLE_DEBUG_INFO = INCLUDE_SOURCE;
				MTL_FAST_MATH = YES;
				ONLY_ACTIVE_ARCH = YES;
				SDKROOT = iphoneos;
				SWIFT_ACTIVE_COMPILATION_CONDITIONS = DEBUG;
				SWIFT_OPTIMIZATION_LEVEL = "-Onone";
			};
			name = Debug;
		};
		A14B34522A62669200D95D0C /* Release */ = {
			isa = XCBuildConfiguration;
			buildSettings = {
				ALWAYS_SEARCH_USER_PATHS = NO;
				CLANG_ANALYZER_NONNULL = YES;
				CLANG_ANALYZER_NUMBER_OBJECT_CONVERSION = YES_AGGRESSIVE;
				CLANG_CXX_LANGUAGE_STANDARD = "gnu++20";
				CLANG_ENABLE_MODULES = YES;
				CLANG_ENABLE_OBJC_ARC = YES;
				CLANG_ENABLE_OBJC_WEAK = YES;
				CLANG_WARN_BLOCK_CAPTURE_AUTORELEASING = YES;
				CLANG_WARN_BOOL_CONVERSION = YES;
				CLANG_WARN_COMMA = YES;
				CLANG_WARN_CONSTANT_CONVERSION = YES;
				CLANG_WARN_DEPRECATED_OBJC_IMPLEMENTATIONS = YES;
				CLANG_WARN_DIRECT_OBJC_ISA_USAGE = YES_ERROR;
				CLANG_WARN_DOCUMENTATION_COMMENTS = YES;
				CLANG_WARN_EMPTY_BODY = YES;
				CLANG_WARN_ENUM_CONVERSION = YES;
				CLANG_WARN_INFINITE_RECURSION = YES;
				CLANG_WARN_INT_CONVERSION = YES;
				CLANG_WARN_NON_LITERAL_NULL_CONVERSION = YES;
				CLANG_WARN_OBJC_IMPLICIT_RETAIN_SELF = YES;
				CLANG_WARN_OBJC_LITERAL_CONVERSION = YES;
				CLANG_WARN_OBJC_ROOT_CLASS = YES_ERROR;
				CLANG_WARN_QUOTED_INCLUDE_IN_FRAMEWORK_HEADER = YES;
				CLANG_WARN_RANGE_LOOP_ANALYSIS = YES;
				CLANG_WARN_STRICT_PROTOTYPES = YES;
				CLANG_WARN_SUSPICIOUS_MOVE = YES;
				CLANG_WARN_UNGUARDED_AVAILABILITY = YES_AGGRESSIVE;
				CLANG_WARN_UNREACHABLE_CODE = YES;
				CLANG_WARN__DUPLICATE_METHOD_MATCH = YES;
				COPY_PHASE_STRIP = NO;
				DEBUG_INFORMATION_FORMAT = "dwarf-with-dsym";
				ENABLE_NS_ASSERTIONS = NO;
				ENABLE_STRICT_OBJC_MSGSEND = YES;
				GCC_C_LANGUAGE_STANDARD = gnu11;
				GCC_NO_COMMON_BLOCKS = YES;
				GCC_WARN_64_TO_32_BIT_CONVERSION = YES;
				GCC_WARN_ABOUT_RETURN_TYPE = YES_ERROR;
				GCC_WARN_UNDECLARED_SELECTOR = YES;
				GCC_WARN_UNINITIALIZED_AUTOS = YES_AGGRESSIVE;
				GCC_WARN_UNUSED_FUNCTION = YES;
				GCC_WARN_UNUSED_VARIABLE = YES;
				IPHONEOS_DEPLOYMENT_TARGET = 16.4;
				MTL_ENABLE_DEBUG_INFO = NO;
				MTL_FAST_MATH = YES;
				SDKROOT = iphoneos;
				SWIFT_COMPILATION_MODE = wholemodule;
				SWIFT_OPTIMIZATION_LEVEL = "-O";
				VALIDATE_PRODUCT = YES;
			};
			name = Release;
		};
		A14B34542A62669200D95D0C /* Debug */ = {
			isa = XCBuildConfiguration;
			buildSettings = {
				ASSETCATALOG_COMPILER_APPICON_NAME = AppIcon;
				ASSETCATALOG_COMPILER_GLOBAL_ACCENT_COLOR_NAME = AccentColor;
				CODE_SIGN_STYLE = Automatic;
				CURRENT_PROJECT_VERSION = 1;
				DEVELOPMENT_ASSET_PATHS = "\"MC3/Preview Content\"";
				DEVELOPMENT_TEAM = TRT66C4U5G;
				ENABLE_PREVIEWS = YES;
				GENERATE_INFOPLIST_FILE = YES;
				INFOPLIST_KEY_UIApplicationSceneManifest_Generation = YES;
				INFOPLIST_KEY_UIApplicationSupportsIndirectInputEvents = YES;
				INFOPLIST_KEY_UILaunchScreen_Generation = YES;
				INFOPLIST_KEY_UISupportedInterfaceOrientations_iPad = "UIInterfaceOrientationPortrait UIInterfaceOrientationPortraitUpsideDown UIInterfaceOrientationLandscapeLeft UIInterfaceOrientationLandscapeRight";
				INFOPLIST_KEY_UISupportedInterfaceOrientations_iPhone = "UIInterfaceOrientationPortrait UIInterfaceOrientationLandscapeLeft UIInterfaceOrientationLandscapeRight";
				LD_RUNPATH_SEARCH_PATHS = (
					"$(inherited)",
					"@executable_path/Frameworks",
				);
				MARKETING_VERSION = 1.0;
				PRODUCT_BUNDLE_IDENTIFIER = com.kwasong.MC3;
				PRODUCT_NAME = "$(TARGET_NAME)";
				SWIFT_EMIT_LOC_STRINGS = YES;
				SWIFT_VERSION = 5.0;
				TARGETED_DEVICE_FAMILY = "1,2";
			};
			name = Debug;
		};
		A14B34552A62669200D95D0C /* Release */ = {
			isa = XCBuildConfiguration;
			buildSettings = {
				ASSETCATALOG_COMPILER_APPICON_NAME = AppIcon;
				ASSETCATALOG_COMPILER_GLOBAL_ACCENT_COLOR_NAME = AccentColor;
				CODE_SIGN_STYLE = Automatic;
				CURRENT_PROJECT_VERSION = 1;
				DEVELOPMENT_ASSET_PATHS = "\"MC3/Preview Content\"";
				DEVELOPMENT_TEAM = TRT66C4U5G;
				ENABLE_PREVIEWS = YES;
				GENERATE_INFOPLIST_FILE = YES;
				INFOPLIST_KEY_UIApplicationSceneManifest_Generation = YES;
				INFOPLIST_KEY_UIApplicationSupportsIndirectInputEvents = YES;
				INFOPLIST_KEY_UILaunchScreen_Generation = YES;
				INFOPLIST_KEY_UISupportedInterfaceOrientations_iPad = "UIInterfaceOrientationPortrait UIInterfaceOrientationPortraitUpsideDown UIInterfaceOrientationLandscapeLeft UIInterfaceOrientationLandscapeRight";
				INFOPLIST_KEY_UISupportedInterfaceOrientations_iPhone = "UIInterfaceOrientationPortrait UIInterfaceOrientationLandscapeLeft UIInterfaceOrientationLandscapeRight";
				LD_RUNPATH_SEARCH_PATHS = (
					"$(inherited)",
					"@executable_path/Frameworks",
				);
				MARKETING_VERSION = 1.0;
				PRODUCT_BUNDLE_IDENTIFIER = com.kwasong.MC3;
				PRODUCT_NAME = "$(TARGET_NAME)";
				SWIFT_EMIT_LOC_STRINGS = YES;
				SWIFT_VERSION = 5.0;
				TARGETED_DEVICE_FAMILY = "1,2";
			};
			name = Release;
		};
/* End XCBuildConfiguration section */

/* Begin XCConfigurationList section */
		A14B34402A62669100D95D0C /* Build configuration list for PBXProject "MC3" */ = {
			isa = XCConfigurationList;
			buildConfigurations = (
				A14B34512A62669200D95D0C /* Debug */,
				A14B34522A62669200D95D0C /* Release */,
			);
			defaultConfigurationIsVisible = 0;
			defaultConfigurationName = Release;
		};
		A14B34532A62669200D95D0C /* Build configuration list for PBXNativeTarget "MC3" */ = {
			isa = XCConfigurationList;
			buildConfigurations = (
				A14B34542A62669200D95D0C /* Debug */,
				A14B34552A62669200D95D0C /* Release */,
			);
			defaultConfigurationIsVisible = 0;
			defaultConfigurationName = Release;
		};
/* End XCConfigurationList section */
	};
	rootObject = A14B343D2A62669100D95D0C /* Project object */;
}
